
Microsoft Visual Studio Solution File, Format Version 11.00
# Visual Studio 2010
Project("{FAE04EC0-301F-11D3-BF4B-00C04F79EFBC}") = "linq_sample", "linq_sample\linq_sample.csproj", "{40D1DD44-8E13-421F-A81F-07A9F2743C8E}"
EndProject
Project("{FAE04EC0-301F-11D3-BF4B-00C04F79EFBC}") = "coroutine", "coroutine\coroutine.csproj", "{A0644CB9-6C97-474A-A338-3154176ECAD9}"
EndProject
Global
	GlobalSection(SolutionConfigurationPlatforms) = preSolution
		Debug|x86 = Debug|x86
		Release|x86 = Release|x86
	EndGlobalSection
	GlobalSection(ProjectConfigurationPlatforms) = postSolution
		{40D1DD44-8E13-421F-A81F-07A9F2743C8E}.Debug|x86.ActiveCfg = Debug|x86
		{40D1DD44-8E13-421F-A81F-07A9F2743C8E}.Debug|x86.Build.0 = Debug|x86
		{40D1DD44-8E13-421F-A81F-07A9F2743C8E}.Release|x86.ActiveCfg = Release|x86
		{40D1DD44-8E13-421F-A81F-07A9F2743C8E}.Release|x86.Build.0 = Release|x86
		{A0644CB9-6C97-474A-A338-3154176ECAD9}.Debug|x86.ActiveCfg = Debug|x86
		{A0644CB9-6C97-474A-A338-3154176ECAD9}.Debug|x86.Build.0 = Debug|x86
		{A0644CB9-6C97-474A-A338-3154176ECAD9}.Release|x86.ActiveCfg = Release|x86
		{A0644CB9-6C97-474A-A338-3154176ECAD9}.Release|x86.Build.0 = Release|x86
	EndGlobalSection
	GlobalSection(SolutionProperties) = preSolution
		HideSolutionNode = FALSE
	EndGlobalSection
EndGlobal
