
Microsoft Visual Studio Solution File, Format Version 11.00
# Visual Studio 2010
Project("{FAE04EC0-301F-11D3-BF4B-00C04F79EFBC}") = "WpfApplication5", "WpfApplication5\WpfApplication5.csproj", "{AA1FE22D-6CB1-4096-98AD-22652692BDD2}"
EndProject
Global
	GlobalSection(SolutionConfigurationPlatforms) = preSolution
		Debug|x86 = Debug|x86
		Release|x86 = Release|x86
	EndGlobalSection
	GlobalSection(ProjectConfigurationPlatforms) = postSolution
		{AA1FE22D-6CB1-4096-98AD-22652692BDD2}.Debug|x86.ActiveCfg = Debug|x86
		{AA1FE22D-6CB1-4096-98AD-22652692BDD2}.Debug|x86.Build.0 = Debug|x86
		{AA1FE22D-6CB1-4096-98AD-22652692BDD2}.Release|x86.ActiveCfg = Release|x86
		{AA1FE22D-6CB1-4096-98AD-22652692BDD2}.Release|x86.Build.0 = Release|x86
	EndGlobalSection
	GlobalSection(SolutionProperties) = preSolution
		HideSolutionNode = FALSE
	EndGlobalSection
EndGlobal
